
Microsoft Visual Studio Solution File, Format Version 12.00
# Visual Studio Version 17
VisualStudioVersion = 17.10.35201.131
MinimumVisualStudioVersion = 10.0.40219.1
Project("{9A19103F-16F7-4668-BE54-9A1E7A4F7556}") = "TicTacToe1", "TicTacToe1\TicTacToe1.csproj", "{2F931146-5CF8-4501-816D-5C1E69B5BD32}"
EndProject
Project("{FAE04EC0-301F-11D3-BF4B-00C04F79EFBC}") = "BoardLogic", "BoardLogic\BoardLogic.csproj", "{9CFD744B-3A6C-40DF-8E8B-8236CCDA3B9D}"
EndProject
Project("{FAE04EC0-301F-11D3-BF4B-00C04F79EFBC}") = "TicTacGUI", "TicTacGUI\TicTacGUI.csproj", "{7FD2A2DC-79A0-490D-9775-EBA00E805191}"
EndProject
Global
	GlobalSection(SolutionConfigurationPlatforms) = preSolution
		Debug|Any CPU = Debug|Any CPU
		Release|Any CPU = Release|Any CPU
	EndGlobalSection
	GlobalSection(ProjectConfigurationPlatforms) = postSolution
		{2F931146-5CF8-4501-816D-5C1E69B5BD32}.Debug|Any CPU.ActiveCfg = Debug|Any CPU
		{2F931146-5CF8-4501-816D-5C1E69B5BD32}.Debug|Any CPU.Build.0 = Debug|Any CPU
		{2F931146-5CF8-4501-816D-5C1E69B5BD32}.Release|Any CPU.ActiveCfg = Release|Any CPU
		{2F931146-5CF8-4501-816D-5C1E69B5BD32}.Release|Any CPU.Build.0 = Release|Any CPU
		{9CFD744B-3A6C-40DF-8E8B-8236CCDA3B9D}.Debug|Any CPU.ActiveCfg = Debug|Any CPU
		{9CFD744B-3A6C-40DF-8E8B-8236CCDA3B9D}.Debug|Any CPU.Build.0 = Debug|Any CPU
		{9CFD744B-3A6C-40DF-8E8B-8236CCDA3B9D}.Release|Any CPU.ActiveCfg = Release|Any CPU
		{9CFD744B-3A6C-40DF-8E8B-8236CCDA3B9D}.Release|Any CPU.Build.0 = Release|Any CPU
		{7FD2A2DC-79A0-490D-9775-EBA00E805191}.Debug|Any CPU.ActiveCfg = Debug|Any CPU
		{7FD2A2DC-79A0-490D-9775-EBA00E805191}.Debug|Any CPU.Build.0 = Debug|Any CPU
		{7FD2A2DC-79A0-490D-9775-EBA00E805191}.Release|Any CPU.ActiveCfg = Release|Any CPU
		{7FD2A2DC-79A0-490D-9775-EBA00E805191}.Release|Any CPU.Build.0 = Release|Any CPU
	EndGlobalSection
	GlobalSection(SolutionProperties) = preSolution
		HideSolutionNode = FALSE
	EndGlobalSection
	GlobalSection(ExtensibilityGlobals) = postSolution
		SolutionGuid = {53C5B265-9B1D-40D6-993E-DE2740799218}
	EndGlobalSection
EndGlobal
